
Microsoft Visual Studio Solution File, Format Version 12.00
# Visual Studio 15
VisualStudioVersion = 15.0.28010.2019
MinimumVisualStudioVersion = 10.0.40219.1
Project("{2150E333-8FDC-42A3-9474-1A3956D46DE8}") = "Model", "Model", "{C2F2A2DD-50B9-452D-A143-68DB91EE258F}"
EndProject
Project("{2150E333-8FDC-42A3-9474-1A3956D46DE8}") = "Tests", "Tests", "{98C23749-FF81-4263-AB77-3EA70A222670}"
EndProject
Project("{FAE04EC0-301F-11D3-BF4B-00C04F79EFBC}") = "SocialNetwork.Tester", "..\tests\SocialNetwork.Tester\SocialNetwork.Tester.csproj", "{14488571-FC6D-4C3B-A765-C482A7EFF2D4}"
EndProject
Project("{9A19103F-16F7-4668-BE54-9A1E7A4F7556}") = "Wall.Abst", "..\src\Server\Model\Wall.Abst\Wall.Abst.csproj", "{DE4C3CC1-F81C-4220-926E-FEADBC0D71F8}"
EndProject
Project("{9A19103F-16F7-4668-BE54-9A1E7A4F7556}") = "Education.Abst", "..\src\Server\Model\Education.Abst\Education.Abst.csproj", "{0E4C4DB1-4DE7-4854-8DB0-0E8A25DE5804}"
EndProject
Project("{9A19103F-16F7-4668-BE54-9A1E7A4F7556}") = "Language.Abst", "..\src\Server\Model\Language.Abst\Language.Abst.csproj", "{D1CC4AA3-DFA2-4BC5-ABC1-15A6CF0010E3}"
EndProject
Project("{9A19103F-16F7-4668-BE54-9A1E7A4F7556}") = "Education", "..\src\Server\Model\Education\Education.csproj", "{50675377-73D8-49B3-BD11-A482D312EF09}"
EndProject
Project("{9A19103F-16F7-4668-BE54-9A1E7A4F7556}") = "Language", "..\src\Server\Model\Language\Language.csproj", "{36A0C411-488D-479D-A251-EB8591A3BE4F}"
EndProject
Project("{9A19103F-16F7-4668-BE54-9A1E7A4F7556}") = "Wall", "..\src\Server\Model\Wall\Wall.csproj", "{6176B426-7043-4E53-B4AD-16477FE1CA65}"
EndProject
Project("{9A19103F-16F7-4668-BE54-9A1E7A4F7556}") = "SocialNetwork", "..\src\Server\Model\SocialNetwork\SocialNetwork.csproj", "{69B591B7-19B9-48CF-BD2C-EAE83C783C78}"
EndProject
Global
	GlobalSection(SolutionConfigurationPlatforms) = preSolution
		Debug|Any CPU = Debug|Any CPU
		Release|Any CPU = Release|Any CPU
	EndGlobalSection
	GlobalSection(ProjectConfigurationPlatforms) = postSolution
		{14488571-FC6D-4C3B-A765-C482A7EFF2D4}.Debug|Any CPU.ActiveCfg = Debug|Any CPU
		{14488571-FC6D-4C3B-A765-C482A7EFF2D4}.Debug|Any CPU.Build.0 = Debug|Any CPU
		{14488571-FC6D-4C3B-A765-C482A7EFF2D4}.Release|Any CPU.ActiveCfg = Release|Any CPU
		{14488571-FC6D-4C3B-A765-C482A7EFF2D4}.Release|Any CPU.Build.0 = Release|Any CPU
		{DE4C3CC1-F81C-4220-926E-FEADBC0D71F8}.Debug|Any CPU.ActiveCfg = Debug|Any CPU
		{DE4C3CC1-F81C-4220-926E-FEADBC0D71F8}.Debug|Any CPU.Build.0 = Debug|Any CPU
		{DE4C3CC1-F81C-4220-926E-FEADBC0D71F8}.Release|Any CPU.ActiveCfg = Release|Any CPU
		{DE4C3CC1-F81C-4220-926E-FEADBC0D71F8}.Release|Any CPU.Build.0 = Release|Any CPU
		{0E4C4DB1-4DE7-4854-8DB0-0E8A25DE5804}.Debug|Any CPU.ActiveCfg = Debug|Any CPU
		{0E4C4DB1-4DE7-4854-8DB0-0E8A25DE5804}.Debug|Any CPU.Build.0 = Debug|Any CPU
		{0E4C4DB1-4DE7-4854-8DB0-0E8A25DE5804}.Release|Any CPU.ActiveCfg = Release|Any CPU
		{0E4C4DB1-4DE7-4854-8DB0-0E8A25DE5804}.Release|Any CPU.Build.0 = Release|Any CPU
		{D1CC4AA3-DFA2-4BC5-ABC1-15A6CF0010E3}.Debug|Any CPU.ActiveCfg = Debug|Any CPU
		{D1CC4AA3-DFA2-4BC5-ABC1-15A6CF0010E3}.Debug|Any CPU.Build.0 = Debug|Any CPU
		{D1CC4AA3-DFA2-4BC5-ABC1-15A6CF0010E3}.Release|Any CPU.ActiveCfg = Release|Any CPU
		{D1CC4AA3-DFA2-4BC5-ABC1-15A6CF0010E3}.Release|Any CPU.Build.0 = Release|Any CPU
		{50675377-73D8-49B3-BD11-A482D312EF09}.Debug|Any CPU.ActiveCfg = Debug|Any CPU
		{50675377-73D8-49B3-BD11-A482D312EF09}.Debug|Any CPU.Build.0 = Debug|Any CPU
		{50675377-73D8-49B3-BD11-A482D312EF09}.Release|Any CPU.ActiveCfg = Release|Any CPU
		{50675377-73D8-49B3-BD11-A482D312EF09}.Release|Any CPU.Build.0 = Release|Any CPU
		{36A0C411-488D-479D-A251-EB8591A3BE4F}.Debug|Any CPU.ActiveCfg = Debug|Any CPU
		{36A0C411-488D-479D-A251-EB8591A3BE4F}.Debug|Any CPU.Build.0 = Debug|Any CPU
		{36A0C411-488D-479D-A251-EB8591A3BE4F}.Release|Any CPU.ActiveCfg = Release|Any CPU
		{36A0C411-488D-479D-A251-EB8591A3BE4F}.Release|Any CPU.Build.0 = Release|Any CPU
		{6176B426-7043-4E53-B4AD-16477FE1CA65}.Debug|Any CPU.ActiveCfg = Debug|Any CPU
		{6176B426-7043-4E53-B4AD-16477FE1CA65}.Debug|Any CPU.Build.0 = Debug|Any CPU
		{6176B426-7043-4E53-B4AD-16477FE1CA65}.Release|Any CPU.ActiveCfg = Release|Any CPU
		{6176B426-7043-4E53-B4AD-16477FE1CA65}.Release|Any CPU.Build.0 = Release|Any CPU
		{69B591B7-19B9-48CF-BD2C-EAE83C783C78}.Debug|Any CPU.ActiveCfg = Debug|Any CPU
		{69B591B7-19B9-48CF-BD2C-EAE83C783C78}.Debug|Any CPU.Build.0 = Debug|Any CPU
		{69B591B7-19B9-48CF-BD2C-EAE83C783C78}.Release|Any CPU.ActiveCfg = Release|Any CPU
		{69B591B7-19B9-48CF-BD2C-EAE83C783C78}.Release|Any CPU.Build.0 = Release|Any CPU
	EndGlobalSection
	GlobalSection(SolutionProperties) = preSolution
		HideSolutionNode = FALSE
	EndGlobalSection
	GlobalSection(NestedProjects) = preSolution
		{14488571-FC6D-4C3B-A765-C482A7EFF2D4} = {98C23749-FF81-4263-AB77-3EA70A222670}
		{DE4C3CC1-F81C-4220-926E-FEADBC0D71F8} = {C2F2A2DD-50B9-452D-A143-68DB91EE258F}
		{0E4C4DB1-4DE7-4854-8DB0-0E8A25DE5804} = {C2F2A2DD-50B9-452D-A143-68DB91EE258F}
		{D1CC4AA3-DFA2-4BC5-ABC1-15A6CF0010E3} = {C2F2A2DD-50B9-452D-A143-68DB91EE258F}
		{50675377-73D8-49B3-BD11-A482D312EF09} = {C2F2A2DD-50B9-452D-A143-68DB91EE258F}
		{36A0C411-488D-479D-A251-EB8591A3BE4F} = {C2F2A2DD-50B9-452D-A143-68DB91EE258F}
		{6176B426-7043-4E53-B4AD-16477FE1CA65} = {C2F2A2DD-50B9-452D-A143-68DB91EE258F}
		{69B591B7-19B9-48CF-BD2C-EAE83C783C78} = {C2F2A2DD-50B9-452D-A143-68DB91EE258F}
	EndGlobalSection
	GlobalSection(ExtensibilityGlobals) = postSolution
		SolutionGuid = {F617DCE7-7265-416D-BB8C-C6075A2511E5}
	EndGlobalSection
EndGlobal
